
Microsoft Visual Studio Solution File, Format Version 12.00
# Visual Studio 15
VisualStudioVersion = 15.0.28307.1684
MinimumVisualStudioVersion = 10.0.40219.1
Project("{8BC9CEB8-8B4A-11D0-8D11-00A0C91BC942}") = "p19", "p19\p19.vcxproj", "{50C04113-C23B-4856-812C-76377C01AB37}"
EndProject
Global
	GlobalSection(SolutionConfigurationPlatforms) = preSolution
		Debug|x64 = Debug|x64
		Debug|x86 = Debug|x86
		Release|x64 = Release|x64
		Release|x86 = Release|x86
	EndGlobalSection
	GlobalSection(ProjectConfigurationPlatforms) = postSolution
		{50C04113-C23B-4856-812C-76377C01AB37}.Debug|x64.ActiveCfg = Debug|x64
		{50C04113-C23B-4856-812C-76377C01AB37}.Debug|x64.Build.0 = Debug|x64
		{50C04113-C23B-4856-812C-76377C01AB37}.Debug|x86.ActiveCfg = Debug|Win32
		{50C04113-C23B-4856-812C-76377C01AB37}.Debug|x86.Build.0 = Debug|Win32
		{50C04113-C23B-4856-812C-76377C01AB37}.Release|x64.ActiveCfg = Release|x64
		{50C04113-C23B-4856-812C-76377C01AB37}.Release|x64.Build.0 = Release|x64
		{50C04113-C23B-4856-812C-76377C01AB37}.Release|x86.ActiveCfg = Release|Win32
		{50C04113-C23B-4856-812C-76377C01AB37}.Release|x86.Build.0 = Release|Win32
	EndGlobalSection
	GlobalSection(SolutionProperties) = preSolution
		HideSolutionNode = FALSE
	EndGlobalSection
	GlobalSection(ExtensibilityGlobals) = postSolution
		SolutionGuid = {D1BCFDF4-6A07-4339-AA6E-3ABE1F667AF9}
	EndGlobalSection
EndGlobal
